
Microsoft Visual Studio Solution File, Format Version 12.00
# Visual Studio Version 17
VisualStudioVersion = 17.14.37111.16
MinimumVisualStudioVersion = 10.0.40219.1
Project("{FAE04EC0-301F-11D3-BF4B-00C04F79EFBC}") = "HighScore_Object", "HighScore_Object\HighScore_Object.csproj", "{C712B845-D6AE-414F-8D88-FB6D0BBBD0F1}"
EndProject
Project("{FAE04EC0-301F-11D3-BF4B-00C04F79EFBC}") = "HighScore_Tester", "HighScore_Tester\HighScore_Tester.csproj", "{C0DB003D-0087-4C9C-90E2-E5AE88368668}"
EndProject
Global
	GlobalSection(SolutionConfigurationPlatforms) = preSolution
		Debug|Any CPU = Debug|Any CPU
		Release|Any CPU = Release|Any CPU
	EndGlobalSection
	GlobalSection(ProjectConfigurationPlatforms) = postSolution
		{C712B845-D6AE-414F-8D88-FB6D0BBBD0F1}.Debug|Any CPU.ActiveCfg = Debug|Any CPU
		{C712B845-D6AE-414F-8D88-FB6D0BBBD0F1}.Debug|Any CPU.Build.0 = Debug|Any CPU
		{C712B845-D6AE-414F-8D88-FB6D0BBBD0F1}.Release|Any CPU.ActiveCfg = Release|Any CPU
		{C712B845-D6AE-414F-8D88-FB6D0BBBD0F1}.Release|Any CPU.Build.0 = Release|Any CPU
		{C0DB003D-0087-4C9C-90E2-E5AE88368668}.Debug|Any CPU.ActiveCfg = Debug|Any CPU
		{C0DB003D-0087-4C9C-90E2-E5AE88368668}.Debug|Any CPU.Build.0 = Debug|Any CPU
		{C0DB003D-0087-4C9C-90E2-E5AE88368668}.Release|Any CPU.ActiveCfg = Release|Any CPU
		{C0DB003D-0087-4C9C-90E2-E5AE88368668}.Release|Any CPU.Build.0 = Release|Any CPU
	EndGlobalSection
	GlobalSection(SolutionProperties) = preSolution
		HideSolutionNode = FALSE
	EndGlobalSection
	GlobalSection(ExtensibilityGlobals) = postSolution
		SolutionGuid = {747A4838-D21B-4E2C-953D-FEBF7616CFFD}
	EndGlobalSection
EndGlobal
