
Microsoft Visual Studio Solution File, Format Version 12.00
# Visual Studio Version 17
VisualStudioVersion = 17.14.37111.16
MinimumVisualStudioVersion = 10.0.40219.1
Project("{FAE04EC0-301F-11D3-BF4B-00C04F79EFBC}") = "Player", "Player\Player.csproj", "{49B712BA-6113-469D-BD12-1A621C4B85E0}"
EndProject
Global
	GlobalSection(SolutionConfigurationPlatforms) = preSolution
		Debug|Any CPU = Debug|Any CPU
		Release|Any CPU = Release|Any CPU
	EndGlobalSection
	GlobalSection(ProjectConfigurationPlatforms) = postSolution
		{49B712BA-6113-469D-BD12-1A621C4B85E0}.Debug|Any CPU.ActiveCfg = Debug|Any CPU
		{49B712BA-6113-469D-BD12-1A621C4B85E0}.Debug|Any CPU.Build.0 = Debug|Any CPU
		{49B712BA-6113-469D-BD12-1A621C4B85E0}.Release|Any CPU.ActiveCfg = Release|Any CPU
		{49B712BA-6113-469D-BD12-1A621C4B85E0}.Release|Any CPU.Build.0 = Release|Any CPU
	EndGlobalSection
	GlobalSection(SolutionProperties) = preSolution
		HideSolutionNode = FALSE
	EndGlobalSection
	GlobalSection(ExtensibilityGlobals) = postSolution
		SolutionGuid = {9F074948-FE0C-441A-820B-C7D122930A74}
	EndGlobalSection
EndGlobal
